
Microsoft Visual Studio Solution File, Format Version 12.00
# Visual Studio Version 17
VisualStudioVersion = 17.5.33209.295
MinimumVisualStudioVersion = 10.0.40219.1
Project("{FAE04EC0-301F-11D3-BF4B-00C04F79EFBC}") = "ZFile", "ZFile\ZFile.csproj", "{5FB453DA-5E25-4703-9220-CB6922AF7716}"
EndProject
Global
	GlobalSection(SolutionConfigurationPlatforms) = preSolution
		Debug|Any CPU = Debug|Any CPU
		Debug|x64 = Debug|x64
		Release|Any CPU = Release|Any CPU
		Release|x64 = Release|x64
	EndGlobalSection
	GlobalSection(ProjectConfigurationPlatforms) = postSolution
		{5FB453DA-5E25-4703-9220-CB6922AF7716}.Debug|Any CPU.ActiveCfg = Debug|Any CPU
		{5FB453DA-5E25-4703-9220-CB6922AF7716}.Debug|Any CPU.Build.0 = Debug|Any CPU
		{5FB453DA-5E25-4703-9220-CB6922AF7716}.Debug|x64.ActiveCfg = Debug|x64
		{5FB453DA-5E25-4703-9220-CB6922AF7716}.Debug|x64.Build.0 = Debug|x64
		{5FB453DA-5E25-4703-9220-CB6922AF7716}.Release|Any CPU.ActiveCfg = Release|Any CPU
		{5FB453DA-5E25-4703-9220-CB6922AF7716}.Release|Any CPU.Build.0 = Release|Any CPU
		{5FB453DA-5E25-4703-9220-CB6922AF7716}.Release|x64.ActiveCfg = Release|Any CPU
		{5FB453DA-5E25-4703-9220-CB6922AF7716}.Release|x64.Build.0 = Release|Any CPU
	EndGlobalSection
	GlobalSection(SolutionProperties) = preSolution
		HideSolutionNode = FALSE
	EndGlobalSection
	GlobalSection(ExtensibilityGlobals) = postSolution
		SolutionGuid = {F0C1429A-740B-422C-9D1E-DF101634E9FF}
	EndGlobalSection
EndGlobal
